// !$*UTF8*$!
{
	archiveVersion = 1;
	classes = {
	};
	objectVersion = 56;
	objects = {

/* Begin PBXBuildFile section */
		A028691E2966C4590074F9B7 /* FaceNorth Watch App.app in Embed Watch Content */ = {isa = PBXBuildFile; fileRef = A028691D2966C4590074F9B7 /* FaceNorth Watch App.app */; settings = {ATTRIBUTES = (RemoveHeadersOnCopy, ); }; };
		A02869232966C4590074F9B7 /* FaceNorthApp.swift in Sources */ = {isa = PBXBuildFile; fileRef = A02869222966C4590074F9B7 /* FaceNorthApp.swift */; };
		A02869252966C4590074F9B7 /* ContentView.swift in Sources */ = {isa = PBXBuildFile; fileRef = A02869242966C4590074F9B7 /* ContentView.swift */; };
		A02869272966C45A0074F9B7 /* Assets.xcassets in Resources */ = {isa = PBXBuildFile; fileRef = A02869262966C45A0074F9B7 /* Assets.xcassets */; };
		A028692A2966C45A0074F9B7 /* Preview Assets.xcassets in Resources */ = {isa = PBXBuildFile; fileRef = A02869292966C45A0074F9B7 /* Preview Assets.xcassets */; };
		A02869372966D33C0074F9B7 /* CompassHeading.swift in Sources */ = {isa = PBXBuildFile; fileRef = A02869362966D33C0074F9B7 /* CompassHeading.swift */; };
		A028693A2966E86F0074F9B7 /* CoreMotion.framework in Frameworks */ = {isa = PBXBuildFile; fileRef = A02869392966E86F0074F9B7 /* CoreMotion.framework */; };
		A028693C2966E87E0074F9B7 /* WatchKit.framework in Frameworks */ = {isa = PBXBuildFile; fileRef = A028693B2966E87E0074F9B7 /* WatchKit.framework */; };
		A028693E2966E8830074F9B7 /* Combine.framework in Frameworks */ = {isa = PBXBuildFile; fileRef = A028693D2966E8830074F9B7 /* Combine.framework */; };
/* End PBXBuildFile section */

/* Begin PBXContainerItemProxy section */
		A028691F2966C4590074F9B7 /* PBXContainerItemProxy */ = {
			isa = PBXContainerItemProxy;
			containerPortal = A02869112966C4590074F9B7 /* Project object */;
			proxyType = 1;
			remoteGlobalIDString = A028691C2966C4590074F9B7;
			remoteInfo = "FaceNorth Watch App";
		};
/* End PBXContainerItemProxy section */

/* Begin PBXCopyFilesBuildPhase section */
		A02869302966C45A0074F9B7 /* Embed Watch Content */ = {
			isa = PBXCopyFilesBuildPhase;
			buildActionMask = 2147483647;
			dstPath = "$(CONTENTS_FOLDER_PATH)/Watch";
			dstSubfolderSpec = 16;
			files = (
				A028691E2966C4590074F9B7 /* FaceNorth Watch App.app in Embed Watch Content */,
			);
			name = "Embed Watch Content";
			runOnlyForDeploymentPostprocessing = 0;
		};
/* End PBXCopyFilesBuildPhase section */

/* Begin PBXFileReference section */
		A02869172966C4590074F9B7 /* FaceNorth.app */ = {isa = PBXFileReference; explicitFileType = wrapper.application; includeInIndex = 0; path = FaceNorth.app; sourceTree = BUILT_PRODUCTS_DIR; };
		A028691D2966C4590074F9B7 /* FaceNorth Watch App.app */ = {isa = PBXFileReference; explicitFileType = wrapper.application; includeInIndex = 0; path = "FaceNorth Watch App.app"; sourceTree = BUILT_PRODUCTS_DIR; };
		A02869222966C4590074F9B7 /* FaceNorthApp.swift */ = {isa = PBXFileReference; lastKnownFileType = sourcecode.swift; path = FaceNorthApp.swift; sourceTree = "<group>"; };
		A02869242966C4590074F9B7 /* ContentView.swift */ = {isa = PBXFileReference; lastKnownFileType = sourcecode.swift; path = ContentView.swift; sourceTree = "<group>"; };
		A02869262966C45A0074F9B7 /* Assets.xcassets */ = {isa = PBXFileReference; lastKnownFileType = folder.assetcatalog; path = Assets.xcassets; sourceTree = "<group>"; };
		A02869292966C45A0074F9B7 /* Preview Assets.xcassets */ = {isa = PBXFileReference; lastKnownFileType = folder.assetcatalog; path = "Preview Assets.xcassets"; sourceTree = "<group>"; };
		A02869362966D33C0074F9B7 /* CompassHeading.swift */ = {isa = PBXFileReference; lastKnownFileType = sourcecode.swift; path = CompassHeading.swift; sourceTree = "<group>"; };
		A02869392966E86F0074F9B7 /* CoreMotion.framework */ = {isa = PBXFileReference; lastKnownFileType = wrapper.framework; name = CoreMotion.framework; path = Platforms/WatchOS.platform/Developer/SDKs/WatchOS9.1.sdk/System/Library/Frameworks/CoreMotion.framework; sourceTree = DEVELOPER_DIR; };
		A028693B2966E87E0074F9B7 /* WatchKit.framework */ = {isa = PBXFileReference; lastKnownFileType = wrapper.framework; name = WatchKit.framework; path = Platforms/WatchOS.platform/Developer/SDKs/WatchOS9.1.sdk/System/Library/Frameworks/WatchKit.framework; sourceTree = DEVELOPER_DIR; };
		A028693D2966E8830074F9B7 /* Combine.framework */ = {isa = PBXFileReference; lastKnownFileType = wrapper.framework; name = Combine.framework; path = Platforms/WatchOS.platform/Developer/SDKs/WatchOS9.1.sdk/System/Library/Frameworks/Combine.framework; sourceTree = DEVELOPER_DIR; };
		A028693F2966ECD80074F9B7 /* README.md */ = {isa = PBXFileReference; lastKnownFileType = net.daringfireball.markdown; path = README.md; sourceTree = "<group>"; };
/* End PBXFileReference section */

/* Begin PBXFrameworksBuildPhase section */
		A028691A2966C4590074F9B7 /* Frameworks */ = {
			isa = PBXFrameworksBuildPhase;
			buildActionMask = 2147483647;
			files = (
				A028693A2966E86F0074F9B7 /* CoreMotion.framework in Frameworks */,
				A028693E2966E8830074F9B7 /* Combine.framework in Frameworks */,
				A028693C2966E87E0074F9B7 /* WatchKit.framework in Frameworks */,
			);
			runOnlyForDeploymentPostprocessing = 0;
		};
/* End PBXFrameworksBuildPhase section */

/* Begin PBXGroup section */
		A02869102966C4590074F9B7 = {
			isa = PBXGroup;
			children = (
				A028693F2966ECD80074F9B7 /* README.md */,
				A02869212966C4590074F9B7 /* FaceNorth Watch App */,
				A02869182966C4590074F9B7 /* Products */,
				A02869382966E86E0074F9B7 /* Frameworks */,
			);
			sourceTree = "<group>";
		};
		A02869182966C4590074F9B7 /* Products */ = {
			isa = PBXGroup;
			children = (
				A02869172966C4590074F9B7 /* FaceNorth.app */,
				A028691D2966C4590074F9B7 /* FaceNorth Watch App.app */,
			);
			name = Products;
			sourceTree = "<group>";
		};
		A02869212966C4590074F9B7 /* FaceNorth Watch App */ = {
			isa = PBXGroup;
			children = (
				A02869222966C4590074F9B7 /* FaceNorthApp.swift */,
				A02869242966C4590074F9B7 /* ContentView.swift */,
				A02869262966C45A0074F9B7 /* Assets.xcassets */,
				A02869282966C45A0074F9B7 /* Preview Content */,
				A02869362966D33C0074F9B7 /* CompassHeading.swift */,
			);
			path = "FaceNorth Watch App";
			sourceTree = "<group>";
		};
		A02869282966C45A0074F9B7 /* Preview Content */ = {
			isa = PBXGroup;
			children = (
				A02869292966C45A0074F9B7 /* Preview Assets.xcassets */,
			);
			path = "Preview Content";
			sourceTree = "<group>";
		};
		A02869382966E86E0074F9B7 /* Frameworks */ = {
			isa = PBXGroup;
			children = (
				A028693D2966E8830074F9B7 /* Combine.framework */,
				A028693B2966E87E0074F9B7 /* WatchKit.framework */,
				A02869392966E86F0074F9B7 /* CoreMotion.framework */,
			);
			name = Frameworks;
			sourceTree = "<group>";
		};
/* End PBXGroup section */

/* Begin PBXNativeTarget section */
		A02869162966C4590074F9B7 /* FaceNorth */ = {
			isa = PBXNativeTarget;
			buildConfigurationList = A02869312966C45A0074F9B7 /* Build configuration list for PBXNativeTarget "FaceNorth" */;
			buildPhases = (
				A02869152966C4590074F9B7 /* Resources */,
				A02869302966C45A0074F9B7 /* Embed Watch Content */,
			);
			buildRules = (
			);
			dependencies = (
				A02869202966C4590074F9B7 /* PBXTargetDependency */,
			);
			name = FaceNorth;
			productName = FaceNorth;
			productReference = A02869172966C4590074F9B7 /* FaceNorth.app */;
			productType = "com.apple.product-type.application.watchapp2-container";
		};
		A028691C2966C4590074F9B7 /* FaceNorth Watch App */ = {
			isa = PBXNativeTarget;
			buildConfigurationList = A028692D2966C45A0074F9B7 /* Build configuration list for PBXNativeTarget "FaceNorth Watch App" */;
			buildPhases = (
				A02869192966C4590074F9B7 /* Sources */,
				A028691A2966C4590074F9B7 /* Frameworks */,
				A028691B2966C4590074F9B7 /* Resources */,
			);
			buildRules = (
			);
			dependencies = (
			);
			name = "FaceNorth Watch App";
			productName = "FaceNorth Watch App";
			productReference = A028691D2966C4590074F9B7 /* FaceNorth Watch App.app */;
			productType = "com.apple.product-type.application";
		};
/* End PBXNativeTarget section */

/* Begin PBXProject section */
		A02869112966C4590074F9B7 /* Project object */ = {
			isa = PBXProject;
			attributes = {
				BuildIndependentTargetsInParallel = 1;
				LastSwiftUpdateCheck = 1420;
				LastUpgradeCheck = 1420;
				TargetAttributes = {
					A02869162966C4590074F9B7 = {
						CreatedOnToolsVersion = 14.2;
					};
					A028691C2966C4590074F9B7 = {
						CreatedOnToolsVersion = 14.2;
					};
				};
			};
			buildConfigurationList = A02869142966C4590074F9B7 /* Build configuration list for PBXProject "FaceNorth" */;
			compatibilityVersion = "Xcode 14.0";
			developmentRegion = en;
			hasScannedForEncodings = 0;
			knownRegions = (
				en,
				Base,
			);
			mainGroup = A02869102966C4590074F9B7;
			productRefGroup = A02869182966C4590074F9B7 /* Products */;
			projectDirPath = "";
			projectRoot = "";
			targets = (
				A02869162966C4590074F9B7 /* FaceNorth */,
				A028691C2966C4590074F9B7 /* FaceNorth Watch App */,
			);
		};
/* End PBXProject section */

/* Begin PBXResourcesBuildPhase section */
		A02869152966C4590074F9B7 /* Resources */ = {
			isa = PBXResourcesBuildPhase;
			buildActionMask = 2147483647;
			files = (
			);
			runOnlyForDeploymentPostprocessing = 0;
		};
		A028691B2966C4590074F9B7 /* Resources */ = {
			isa = PBXResourcesBuildPhase;
			buildActionMask = 2147483647;
			files = (
				A028692A2966C45A0074F9B7 /* Preview Assets.xcassets in Resources */,
				A02869272966C45A0074F9B7 /* Assets.xcassets in Resources */,
			);
			runOnlyForDeploymentPostprocessing = 0;
		};
/* End PBXResourcesBuildPhase section */

/* Begin PBXSourcesBuildPhase section */
		A02869192966C4590074F9B7 /* Sources */ = {
			isa = PBXSourcesBuildPhase;
			buildActionMask = 2147483647;
			files = (
				A02869372966D33C0074F9B7 /* CompassHeading.swift in Sources */,
				A02869252966C4590074F9B7 /* ContentView.swift in Sources */,
				A02869232966C4590074F9B7 /* FaceNorthApp.swift in Sources */,
			);
			runOnlyForDeploymentPostprocessing = 0;
		};
/* End PBXSourcesBuildPhase section */

/* Begin PBXTargetDependency section */
		A02869202966C4590074F9B7 /* PBXTargetDependency */ = {
			isa = PBXTargetDependency;
			target = A028691C2966C4590074F9B7 /* FaceNorth Watch App */;
			targetProxy = A028691F2966C4590074F9B7 /* PBXContainerItemProxy */;
		};
/* End PBXTargetDependency section */

/* Begin XCBuildConfiguration section */
		A028692B2966C45A0074F9B7 /* Debug */ = {
			isa = XCBuildConfiguration;
			buildSettings = {
				ALWAYS_SEARCH_USER_PATHS = NO;
				CLANG_ANALYZER_NONNULL = YES;
				CLANG_ANALYZER_NUMBER_OBJECT_CONVERSION = YES_AGGRESSIVE;
				CLANG_CXX_LANGUAGE_STANDARD = "gnu++20";
				CLANG_ENABLE_MODULES = YES;
				CLANG_ENABLE_OBJC_ARC = YES;
				CLANG_ENABLE_OBJC_WEAK = YES;
				CLANG_WARN_BLOCK_CAPTURE_AUTORELEASING = YES;
				CLANG_WARN_BOOL_CONVERSION = YES;
				CLANG_WARN_COMMA = YES;
				CLANG_WARN_CONSTANT_CONVERSION = YES;
				CLANG_WARN_DEPRECATED_OBJC_IMPLEMENTATIONS = YES;
				CLANG_WARN_DIRECT_OBJC_ISA_USAGE = YES_ERROR;
				CLANG_WARN_DOCUMENTATION_COMMENTS = YES;
				CLANG_WARN_EMPTY_BODY = YES;
				CLANG_WARN_ENUM_CONVERSION = YES;
				CLANG_WARN_INFINITE_RECURSION = YES;
				CLANG_WARN_INT_CONVERSION = YES;
				CLANG_WARN_NON_LITERAL_NULL_CONVERSION = YES;
				CLANG_WARN_OBJC_IMPLICIT_RETAIN_SELF = YES;
				CLANG_WARN_OBJC_LITERAL_CONVERSION = YES;
				CLANG_WARN_OBJC_ROOT_CLASS = YES_ERROR;
				CLANG_WARN_QUOTED_INCLUDE_IN_FRAMEWORK_HEADER = YES;
				CLANG_WARN_RANGE_LOOP_ANALYSIS = YES;
				CLANG_WARN_STRICT_PROTOTYPES = YES;
				CLANG_WARN_SUSPICIOUS_MOVE = YES;
				CLANG_WARN_UNGUARDED_AVAILABILITY = YES_AGGRESSIVE;
				CLANG_WARN_UNREACHABLE_CODE = YES;
				CLANG_WARN__DUPLICATE_METHOD_MATCH = YES;
				COPY_PHASE_STRIP = NO;
				DEBUG_INFORMATION_FORMAT = dwarf;
				ENABLE_STRICT_OBJC_MSGSEND = YES;
				ENABLE_TESTABILITY = YES;
				GCC_C_LANGUAGE_STANDARD = gnu11;
				GCC_DYNAMIC_NO_PIC = NO;
				GCC_NO_COMMON_BLOCKS = YES;
				GCC_OPTIMIZATION_LEVEL = 0;
				GCC_PREPROCESSOR_DEFINITIONS = (
					"DEBUG=1",
					"$(inherited)",
				);
				GCC_WARN_64_TO_32_BIT_CONVERSION = YES;
				GCC_WARN_ABOUT_RETURN_TYPE = YES_ERROR;
				GCC_WARN_UNDECLARED_SELECTOR = YES;
				GCC_WARN_UNINITIALIZED_AUTOS = YES_AGGRESSIVE;
				GCC_WARN_UNUSED_FUNCTION = YES;
				GCC_WARN_UNUSED_VARIABLE = YES;
				MTL_ENABLE_DEBUG_INFO = INCLUDE_SOURCE;
				MTL_FAST_MATH = YES;
				ONLY_ACTIVE_ARCH = YES;
				SWIFT_ACTIVE_COMPILATION_CONDITIONS = DEBUG;
				SWIFT_OPTIMIZATION_LEVEL = "-Onone";
			};
			name = Debug;
		};
		A028692C2966C45A0074F9B7 /* Release */ = {
			isa = XCBuildConfiguration;
			buildSettings = {
				ALWAYS_SEARCH_USER_PATHS = NO;
				CLANG_ANALYZER_NONNULL = YES;
				CLANG_ANALYZER_NUMBER_OBJECT_CONVERSION = YES_AGGRESSIVE;
				CLANG_CXX_LANGUAGE_STANDARD = "gnu++20";
				CLANG_ENABLE_MODULES = YES;
				CLANG_ENABLE_OBJC_ARC = YES;
				CLANG_ENABLE_OBJC_WEAK = YES;
				CLANG_WARN_BLOCK_CAPTURE_AUTORELEASING = YES;
				CLANG_WARN_BOOL_CONVERSION = YES;
				CLANG_WARN_COMMA = YES;
				CLANG_WARN_CONSTANT_CONVERSION = YES;
				CLANG_WARN_DEPRECATED_OBJC_IMPLEMENTATIONS = YES;
				CLANG_WARN_DIRECT_OBJC_ISA_USAGE = YES_ERROR;
				CLANG_WARN_DOCUMENTATION_COMMENTS = YES;
				CLANG_WARN_EMPTY_BODY = YES;
				CLANG_WARN_ENUM_CONVERSION = YES;
				CLANG_WARN_INFINITE_RECURSION = YES;
				CLANG_WARN_INT_CONVERSION = YES;
				CLANG_WARN_NON_LITERAL_NULL_CONVERSION = YES;
				CLANG_WARN_OBJC_IMPLICIT_RETAIN_SELF = YES;
				CLANG_WARN_OBJC_LITERAL_CONVERSION = YES;
				CLANG_WARN_OBJC_ROOT_CLASS = YES_ERROR;
				CLANG_WARN_QUOTED_INCLUDE_IN_FRAMEWORK_HEADER = YES;
				CLANG_WARN_RANGE_LOOP_ANALYSIS = YES;
				CLANG_WARN_STRICT_PROTOTYPES = YES;
				CLANG_WARN_SUSPICIOUS_MOVE = YES;
				CLANG_WARN_UNGUARDED_AVAILABILITY = YES_AGGRESSIVE;
				CLANG_WARN_UNREACHABLE_CODE = YES;
				CLANG_WARN__DUPLICATE_METHOD_MATCH = YES;
				COPY_PHASE_STRIP = NO;
				DEBUG_INFORMATION_FORMAT = "dwarf-with-dsym";
				ENABLE_NS_ASSERTIONS = NO;
				ENABLE_STRICT_OBJC_MSGSEND = YES;
				GCC_C_LANGUAGE_STANDARD = gnu11;
				GCC_NO_COMMON_BLOCKS = YES;
				GCC_WARN_64_TO_32_BIT_CONVERSION = YES;
				GCC_WARN_ABOUT_RETURN_TYPE = YES_ERROR;
				GCC_WARN_UNDECLARED_SELECTOR = YES;
				GCC_WARN_UNINITIALIZED_AUTOS = YES_AGGRESSIVE;
				GCC_WARN_UNUSED_FUNCTION = YES;
				GCC_WARN_UNUSED_VARIABLE = YES;
				MTL_ENABLE_DEBUG_INFO = NO;
				MTL_FAST_MATH = YES;
				SWIFT_COMPILATION_MODE = wholemodule;
				SWIFT_OPTIMIZATION_LEVEL = "-O";
			};
			name = Release;
		};
		A028692E2966C45A0074F9B7 /* Debug */ = {
			isa = XCBuildConfiguration;
			buildSettings = {
				ASSETCATALOG_COMPILER_APPICON_NAME = AppIcon;
				ASSETCATALOG_COMPILER_GLOBAL_ACCENT_COLOR_NAME = AccentColor;
				CODE_SIGN_STYLE = Automatic;
				CURRENT_PROJECT_VERSION = 1;
				DEVELOPMENT_ASSET_PATHS = "\"FaceNorth Watch App/Preview Content\"";
				DEVELOPMENT_TEAM = F95BTP6Q2J;
				ENABLE_PREVIEWS = YES;
				GENERATE_INFOPLIST_FILE = YES;
				INFOPLIST_KEY_CFBundleDisplayName = FaceNorth;
				INFOPLIST_KEY_UISupportedInterfaceOrientations = "UIInterfaceOrientationPortrait UIInterfaceOrientationPortraitUpsideDown";
				INFOPLIST_KEY_WKWatchOnly = YES;
				LD_RUNPATH_SEARCH_PATHS = (
					"$(inherited)",
					"@executable_path/Frameworks",
				);
				MARKETING_VERSION = 1.0;
				PRODUCT_BUNDLE_IDENTIFIER = com.byteeater.FaceNorth.watchkitapp;
				PRODUCT_NAME = "$(TARGET_NAME)";
				SDKROOT = watchos;
				SKIP_INSTALL = YES;
				SWIFT_EMIT_LOC_STRINGS = YES;
				SWIFT_VERSION = 5.0;
				TARGETED_DEVICE_FAMILY = 4;
				WATCHOS_DEPLOYMENT_TARGET = 9.1;
			};
			name = Debug;
		};
		A028692F2966C45A0074F9B7 /* Release */ = {
			isa = XCBuildConfiguration;
			buildSettings = {
				ASSETCATALOG_COMPILER_APPICON_NAME = AppIcon;
				ASSETCATALOG_COMPILER_GLOBAL_ACCENT_COLOR_NAME = AccentColor;
				CODE_SIGN_STYLE = Automatic;
				CURRENT_PROJECT_VERSION = 1;
				DEVELOPMENT_ASSET_PATHS = "\"FaceNorth Watch App/Preview Content\"";
				DEVELOPMENT_TEAM = F95BTP6Q2J;
				ENABLE_PREVIEWS = YES;
				GENERATE_INFOPLIST_FILE = YES;
				INFOPLIST_KEY_CFBundleDisplayName = FaceNorth;
				INFOPLIST_KEY_UISupportedInterfaceOrientations = "UIInterfaceOrientationPortrait UIInterfaceOrientationPortraitUpsideDown";
				INFOPLIST_KEY_WKWatchOnly = YES;
				LD_RUNPATH_SEARCH_PATHS = (
					"$(inherited)",
					"@executable_path/Frameworks",
				);
				MARKETING_VERSION = 1.0;
				PRODUCT_BUNDLE_IDENTIFIER = com.byteeater.FaceNorth.watchkitapp;
				PRODUCT_NAME = "$(TARGET_NAME)";
				SDKROOT = watchos;
				SKIP_INSTALL = YES;
				SWIFT_EMIT_LOC_STRINGS = YES;
				SWIFT_VERSION = 5.0;
				TARGETED_DEVICE_FAMILY = 4;
				VALIDATE_PRODUCT = YES;
				WATCHOS_DEPLOYMENT_TARGET = 9.1;
			};
			name = Release;
		};
		A02869322966C45A0074F9B7 /* Debug */ = {
			isa = XCBuildConfiguration;
			buildSettings = {
				ALWAYS_EMBED_SWIFT_STANDARD_LIBRARIES = YES;
				CODE_SIGN_STYLE = Automatic;
				CURRENT_PROJECT_VERSION = 1;
				DEVELOPMENT_TEAM = F95BTP6Q2J;
				INFOPLIST_KEY_CFBundleDisplayName = FaceNorth;
				MARKETING_VERSION = 1.0;
				PRODUCT_BUNDLE_IDENTIFIER = com.byteeater.FaceNorth;
				PRODUCT_NAME = "$(TARGET_NAME)";
				SDKROOT = iphoneos;
				SUPPORTED_PLATFORMS = "iphoneos iphonesimulator watchos watchsimulator";
				SUPPORTS_MACCATALYST = NO;
				SUPPORTS_MAC_DESIGNED_FOR_IPHONE_IPAD = NO;
				SWIFT_VERSION = 5.0;
				TARGETED_DEVICE_FAMILY = "1,4";
			};
			name = Debug;
		};
		A02869332966C45A0074F9B7 /* Release */ = {
			isa = XCBuildConfiguration;
			buildSettings = {
				ALWAYS_EMBED_SWIFT_STANDARD_LIBRARIES = YES;
				CODE_SIGN_STYLE = Automatic;
				CURRENT_PROJECT_VERSION = 1;
				DEVELOPMENT_TEAM = F95BTP6Q2J;
				INFOPLIST_KEY_CFBundleDisplayName = FaceNorth;
				MARKETING_VERSION = 1.0;
				PRODUCT_BUNDLE_IDENTIFIER = com.byteeater.FaceNorth;
				PRODUCT_NAME = "$(TARGET_NAME)";
				SDKROOT = iphoneos;
				SUPPORTED_PLATFORMS = "iphoneos iphonesimulator watchos watchsimulator";
				SUPPORTS_MACCATALYST = NO;
				SUPPORTS_MAC_DESIGNED_FOR_IPHONE_IPAD = NO;
				SWIFT_VERSION = 5.0;
				TARGETED_DEVICE_FAMILY = "1,4";
				VALIDATE_PRODUCT = YES;
			};
			name = Release;
		};
/* End XCBuildConfiguration section */

/* Begin XCConfigurationList section */
		A02869142966C4590074F9B7 /* Build configuration list for PBXProject "FaceNorth" */ = {
			isa = XCConfigurationList;
			buildConfigurations = (
				A028692B2966C45A0074F9B7 /* Debug */,
				A028692C2966C45A0074F9B7 /* Release */,
			);
			defaultConfigurationIsVisible = 0;
			defaultConfigurationName = Release;
		};
		A028692D2966C45A0074F9B7 /* Build configuration list for PBXNativeTarget "FaceNorth Watch App" */ = {
			isa = XCConfigurationList;
			buildConfigurations = (
				A028692E2966C45A0074F9B7 /* Debug */,
				A028692F2966C45A0074F9B7 /* Release */,
			);
			defaultConfigurationIsVisible = 0;
			defaultConfigurationName = Release;
		};
		A02869312966C45A0074F9B7 /* Build configuration list for PBXNativeTarget "FaceNorth" */ = {
			isa = XCConfigurationList;
			buildConfigurations = (
				A02869322966C45A0074F9B7 /* Debug */,
				A02869332966C45A0074F9B7 /* Release */,
			);
			defaultConfigurationIsVisible = 0;
			defaultConfigurationName = Release;
		};
/* End XCConfigurationList section */
	};
	rootObject = A02869112966C4590074F9B7 /* Project object */;
}
